// !$*UTF8*$!
{
	archiveVersion = 1;
	classes = {
	};
	objectVersion = 46;
	objects = {

/* Begin PBXBuildFile section */
		9064552B18B89D250065EC45 /* Foundation.framework in Frameworks */ = {isa = PBXBuildFile; fileRef = 9064552A18B89D250065EC45 /* Foundation.framework */; };
		9064552D18B89D250065EC45 /* CoreGraphics.framework in Frameworks */ = {isa = PBXBuildFile; fileRef = 9064552C18B89D250065EC45 /* CoreGraphics.framework */; };
		9064552F18B89D250065EC45 /* UIKit.framework in Frameworks */ = {isa = PBXBuildFile; fileRef = 9064552E18B89D250065EC45 /* UIKit.framework */; };
		9064553118B89D250065EC45 /* CoreData.framework in Frameworks */ = {isa = PBXBuildFile; fileRef = 9064553018B89D250065EC45 /* CoreData.framework */; };
		9064553718B89D250065EC45 /* InfoPlist.strings in Resources */ = {isa = PBXBuildFile; fileRef = 9064553518B89D250065EC45 /* InfoPlist.strings */; };
		9064553918B89D250065EC45 /* main.m in Sources */ = {isa = PBXBuildFile; fileRef = 9064553818B89D250065EC45 /* main.m */; };
		9064553D18B89D250065EC45 /* AppDelegate.m in Sources */ = {isa = PBXBuildFile; fileRef = 9064553C18B89D250065EC45 /* AppDelegate.m */; };
		9064554018B89D250065EC45 /* Main_iPhone.storyboard in Resources */ = {isa = PBXBuildFile; fileRef = 9064553E18B89D250065EC45 /* Main_iPhone.storyboard */; };
		9064554318B89D250065EC45 /* Main_iPad.storyboard in Resources */ = {isa = PBXBuildFile; fileRef = 9064554118B89D250065EC45 /* Main_iPad.storyboard */; };
		9064554618B89D250065EC45 /* Hello_World.xcdatamodeld in Sources */ = {isa = PBXBuildFile; fileRef = 9064554418B89D250065EC45 /* Hello_World.xcdatamodeld */; };
		9064554918B89D250065EC45 /* MasterViewController.m in Sources */ = {isa = PBXBuildFile; fileRef = 9064554818B89D250065EC45 /* MasterViewController.m */; };
		9064554C18B89D250065EC45 /* DetailViewController.m in Sources */ = {isa = PBXBuildFile; fileRef = 9064554B18B89D250065EC45 /* DetailViewController.m */; };
		9064554E18B89D250065EC45 /* Images.xcassets in Resources */ = {isa = PBXBuildFile; fileRef = 9064554D18B89D250065EC45 /* Images.xcassets */; };
		9064555518B89D250065EC45 /* XCTest.framework in Frameworks */ = {isa = PBXBuildFile; fileRef = 9064555418B89D250065EC45 /* XCTest.framework */; };
		9064555618B89D250065EC45 /* Foundation.framework in Frameworks */ = {isa = PBXBuildFile; fileRef = 9064552A18B89D250065EC45 /* Foundation.framework */; };
		9064555718B89D250065EC45 /* UIKit.framework in Frameworks */ = {isa = PBXBuildFile; fileRef = 9064552E18B89D250065EC45 /* UIKit.framework */; };
		9064555818B89D250065EC45 /* CoreData.framework in Frameworks */ = {isa = PBXBuildFile; fileRef = 9064553018B89D250065EC45 /* CoreData.framework */; };
		9064556018B89D250065EC45 /* InfoPlist.strings in Resources */ = {isa = PBXBuildFile; fileRef = 9064555E18B89D250065EC45 /* InfoPlist.strings */; };
		9064556218B89D250065EC45 /* Hello_WorldTests.m in Sources */ = {isa = PBXBuildFile; fileRef = 9064556118B89D250065EC45 /* Hello_WorldTests.m */; };
/* End PBXBuildFile section */

/* Begin PBXContainerItemProxy section */
		9064555918B89D250065EC45 /* PBXContainerItemProxy */ = {
			isa = PBXContainerItemProxy;
			containerPortal = 9064551F18B89D250065EC45 /* Project object */;
			proxyType = 1;
			remoteGlobalIDString = 9064552618B89D250065EC45;
			remoteInfo = "Hello World";
		};
/* End PBXContainerItemProxy section */

/* Begin PBXFileReference section */
		9064552718B89D250065EC45 /* Hello World.app */ = {isa = PBXFileReference; explicitFileType = wrapper.application; includeInIndex = 0; path = "Hello World.app"; sourceTree = BUILT_PRODUCTS_DIR; };
		9064552A18B89D250065EC45 /* Foundation.framework */ = {isa = PBXFileReference; lastKnownFileType = wrapper.framework; name = Foundation.framework; path = System/Library/Frameworks/Foundation.framework; sourceTree = SDKROOT; };
		9064552C18B89D250065EC45 /* CoreGraphics.framework */ = {isa = PBXFileReference; lastKnownFileType = wrapper.framework; name = CoreGraphics.framework; path = System/Library/Frameworks/CoreGraphics.framework; sourceTree = SDKROOT; };
		9064552E18B89D250065EC45 /* UIKit.framework */ = {isa = PBXFileReference; lastKnownFileType = wrapper.framework; name = UIKit.framework; path = System/Library/Frameworks/UIKit.framework; sourceTree = SDKROOT; };
		9064553018B89D250065EC45 /* CoreData.framework */ = {isa = PBXFileReference; lastKnownFileType = wrapper.framework; name = CoreData.framework; path = System/Library/Frameworks/CoreData.framework; sourceTree = SDKROOT; };
		9064553418B89D250065EC45 /* Hello World-Info.plist */ = {isa = PBXFileReference; lastKnownFileType = text.plist.xml; path = "Hello World-Info.plist"; sourceTree = "<group>"; };
		9064553618B89D250065EC45 /* en */ = {isa = PBXFileReference; lastKnownFileType = text.plist.strings; name = en; path = en.lproj/InfoPlist.strings; sourceTree = "<group>"; };
		9064553818B89D250065EC45 /* main.m */ = {isa = PBXFileReference; lastKnownFileType = sourcecode.c.objc; path = main.m; sourceTree = "<group>"; };
		9064553A18B89D250065EC45 /* Hello World-Prefix.pch */ = {isa = PBXFileReference; lastKnownFileType = sourcecode.c.h; path = "Hello World-Prefix.pch"; sourceTree = "<group>"; };
		9064553B18B89D250065EC45 /* AppDelegate.h */ = {isa = PBXFileReference; lastKnownFileType = sourcecode.c.h; path = AppDelegate.h; sourceTree = "<group>"; };
		9064553C18B89D250065EC45 /* AppDelegate.m */ = {isa = PBXFileReference; lastKnownFileType = sourcecode.c.objc; path = AppDelegate.m; sourceTree = "<group>"; };
		9064553F18B89D250065EC45 /* Base */ = {isa = PBXFileReference; lastKnownFileType = file.storyboard; name = Base; path = Base.lproj/Main_iPhone.storyboard; sourceTree = "<group>"; };
		9064554218B89D250065EC45 /* Base */ = {isa = PBXFileReference; lastKnownFileType = file.storyboard; name = Base; path = Base.lproj/Main_iPad.storyboard; sourceTree = "<group>"; };
		9064554518B89D250065EC45 /* Hello_World.xcdatamodel */ = {isa = PBXFileReference; lastKnownFileType = wrapper.xcdatamodel; path = Hello_World.xcdatamodel; sourceTree = "<group>"; };
		9064554718B89D250065EC45 /* MasterViewController.h */ = {isa = PBXFileReference; lastKnownFileType = sourcecode.c.h; path = MasterViewController.h; sourceTree = "<group>"; };
		9064554818B89D250065EC45 /* MasterViewController.m */ = {isa = PBXFileReference; lastKnownFileType = sourcecode.c.objc; path = MasterViewController.m; sourceTree = "<group>"; };
		9064554A18B89D250065EC45 /* DetailViewController.h */ = {isa = PBXFileReference; lastKnownFileType = sourcecode.c.h; path = DetailViewController.h; sourceTree = "<group>"; };
		9064554B18B89D250065EC45 /* DetailViewController.m */ = {isa = PBXFileReference; lastKnownFileType = sourcecode.c.objc; path = DetailViewController.m; sourceTree = "<group>"; };
		9064554D18B89D250065EC45 /* Images.xcassets */ = {isa = PBXFileReference; lastKnownFileType = folder.assetcatalog; path = Images.xcassets; sourceTree = "<group>"; };
		9064555318B89D250065EC45 /* Hello WorldTests.xctest */ = {isa = PBXFileReference; explicitFileType = wrapper.cfbundle; includeInIndex = 0; path = "Hello WorldTests.xctest"; sourceTree = BUILT_PRODUCTS_DIR; };
		9064555418B89D250065EC45 /* XCTest.framework */ = {isa = PBXFileReference; lastKnownFileType = wrapper.framework; name = XCTest.framework; path = Library/Frameworks/XCTest.framework; sourceTree = DEVELOPER_DIR; };
		9064555D18B89D250065EC45 /* Hello WorldTests-Info.plist */ = {isa = PBXFileReference; lastKnownFileType = text.plist.xml; path = "Hello WorldTests-Info.plist"; sourceTree = "<group>"; };
		9064555F18B89D250065EC45 /* en */ = {isa = PBXFileReference; lastKnownFileType = text.plist.strings; name = en; path = en.lproj/InfoPlist.strings; sourceTree = "<group>"; };
		9064556118B89D250065EC45 /* Hello_WorldTests.m */ = {isa = PBXFileReference; lastKnownFileType = sourcecode.c.objc; path = Hello_WorldTests.m; sourceTree = "<group>"; };
/* End PBXFileReference section */

/* Begin PBXFrameworksBuildPhase section */
		9064552418B89D250065EC45 /* Frameworks */ = {
			isa = PBXFrameworksBuildPhase;
			buildActionMask = 2147483647;
			files = (
				9064552D18B89D250065EC45 /* CoreGraphics.framework in Frameworks */,
				9064553118B89D250065EC45 /* CoreData.framework in Frameworks */,
				9064552F18B89D250065EC45 /* UIKit.framework in Frameworks */,
				9064552B18B89D250065EC45 /* Foundation.framework in Frameworks */,
			);
			runOnlyForDeploymentPostprocessing = 0;
		};
		9064555018B89D250065EC45 /* Frameworks */ = {
			isa = PBXFrameworksBuildPhase;
			buildActionMask = 2147483647;
			files = (
				9064555518B89D250065EC45 /* XCTest.framework in Frameworks */,
				9064555818B89D250065EC45 /* CoreData.framework in Frameworks */,
				9064555718B89D250065EC45 /* UIKit.framework in Frameworks */,
				9064555618B89D250065EC45 /* Foundation.framework in Frameworks */,
			);
			runOnlyForDeploymentPostprocessing = 0;
		};
/* End PBXFrameworksBuildPhase section */

/* Begin PBXGroup section */
		9064551E18B89D250065EC45 = {
			isa = PBXGroup;
			children = (
				9064553218B89D250065EC45 /* Hello World */,
				9064555B18B89D250065EC45 /* Hello WorldTests */,
				9064552918B89D250065EC45 /* Frameworks */,
				9064552818B89D250065EC45 /* Products */,
			);
			sourceTree = "<group>";
		};
		9064552818B89D250065EC45 /* Products */ = {
			isa = PBXGroup;
			children = (
				9064552718B89D250065EC45 /* Hello World.app */,
				9064555318B89D250065EC45 /* Hello WorldTests.xctest */,
			);
			name = Products;
			sourceTree = "<group>";
		};
		9064552918B89D250065EC45 /* Frameworks */ = {
			isa = PBXGroup;
			children = (
				9064552A18B89D250065EC45 /* Foundation.framework */,
				9064552C18B89D250065EC45 /* CoreGraphics.framework */,
				9064552E18B89D250065EC45 /* UIKit.framework */,
				9064553018B89D250065EC45 /* CoreData.framework */,
				9064555418B89D250065EC45 /* XCTest.framework */,
			);
			name = Frameworks;
			sourceTree = "<group>";
		};
		9064553218B89D250065EC45 /* Hello World */ = {
			isa = PBXGroup;
			children = (
				9064553B18B89D250065EC45 /* AppDelegate.h */,
				9064553C18B89D250065EC45 /* AppDelegate.m */,
				9064553E18B89D250065EC45 /* Main_iPhone.storyboard */,
				9064554118B89D250065EC45 /* Main_iPad.storyboard */,
				9064554718B89D250065EC45 /* MasterViewController.h */,
				9064554818B89D250065EC45 /* MasterViewController.m */,
				9064554A18B89D250065EC45 /* DetailViewController.h */,
				9064554B18B89D250065EC45 /* DetailViewController.m */,
				9064554D18B89D250065EC45 /* Images.xcassets */,
				9064554418B89D250065EC45 /* Hello_World.xcdatamodeld */,
				9064553318B89D250065EC45 /* Supporting Files */,
			);
			path = "Hello World";
			sourceTree = "<group>";
		};
		9064553318B89D250065EC45 /* Supporting Files */ = {
			isa = PBXGroup;
			children = (
				9064553418B89D250065EC45 /* Hello World-Info.plist */,
				9064553518B89D250065EC45 /* InfoPlist.strings */,
				9064553818B89D250065EC45 /* main.m */,
				9064553A18B89D250065EC45 /* Hello World-Prefix.pch */,
			);
			name = "Supporting Files";
			sourceTree = "<group>";
		};
		9064555B18B89D250065EC45 /* Hello WorldTests */ = {
			isa = PBXGroup;
			children = (
				9064556118B89D250065EC45 /* Hello_WorldTests.m */,
				9064555C18B89D250065EC45 /* Supporting Files */,
			);
			path = "Hello WorldTests";
			sourceTree = "<group>";
		};
		9064555C18B89D250065EC45 /* Supporting Files */ = {
			isa = PBXGroup;
			children = (
				9064555D18B89D250065EC45 /* Hello WorldTests-Info.plist */,
				9064555E18B89D250065EC45 /* InfoPlist.strings */,
			);
			name = "Supporting Files";
			sourceTree = "<group>";
		};
/* End PBXGroup section */

/* Begin PBXNativeTarget section */
		9064552618B89D250065EC45 /* Hello World */ = {
			isa = PBXNativeTarget;
			buildConfigurationList = 9064556518B89D250065EC45 /* Build configuration list for PBXNativeTarget "Hello World" */;
			buildPhases = (
				9064552318B89D250065EC45 /* Sources */,
				9064552418B89D250065EC45 /* Frameworks */,
				9064552518B89D250065EC45 /* Resources */,
			);
			buildRules = (
			);
			dependencies = (
			);
			name = "Hello World";
			productName = "Hello World";
			productReference = 9064552718B89D250065EC45 /* Hello World.app */;
			productType = "com.apple.product-type.application";
		};
		9064555218B89D250065EC45 /* Hello WorldTests */ = {
			isa = PBXNativeTarget;
			buildConfigurationList = 9064556818B89D250065EC45 /* Build configuration list for PBXNativeTarget "Hello WorldTests" */;
			buildPhases = (
				9064554F18B89D250065EC45 /* Sources */,
				9064555018B89D250065EC45 /* Frameworks */,
				9064555118B89D250065EC45 /* Resources */,
			);
			buildRules = (
			);
			dependencies = (
				9064555A18B89D250065EC45 /* PBXTargetDependency */,
			);
			name = "Hello WorldTests";
			productName = "Hello WorldTests";
			productReference = 9064555318B89D250065EC45 /* Hello WorldTests.xctest */;
			productType = "com.apple.product-type.bundle.unit-test";
		};
/* End PBXNativeTarget section */

/* Begin PBXProject section */
		9064551F18B89D250065EC45 /* Project object */ = {
			isa = PBXProject;
			attributes = {
				LastUpgradeCheck = 0500;
				ORGANIZATIONNAME = "Shankar Balasubramanian";
				TargetAttributes = {
					9064555218B89D250065EC45 = {
						TestTargetID = 9064552618B89D250065EC45;
					};
				};
			};
			buildConfigurationList = 9064552218B89D250065EC45 /* Build configuration list for PBXProject "Hello World" */;
			compatibilityVersion = "Xcode 3.2";
			developmentRegion = English;
			hasScannedForEncodings = 0;
			knownRegions = (
				en,
				Base,
			);
			mainGroup = 9064551E18B89D250065EC45;
			productRefGroup = 9064552818B89D250065EC45 /* Products */;
			projectDirPath = "";
			projectRoot = "";
			targets = (
				9064552618B89D250065EC45 /* Hello World */,
				9064555218B89D250065EC45 /* Hello WorldTests */,
			);
		};
/* End PBXProject section */

/* Begin PBXResourcesBuildPhase section */
		9064552518B89D250065EC45 /* Resources */ = {
			isa = PBXResourcesBuildPhase;
			buildActionMask = 2147483647;
			files = (
				9064554318B89D250065EC45 /* Main_iPad.storyboard in Resources */,
				9064554E18B89D250065EC45 /* Images.xcassets in Resources */,
				9064554018B89D250065EC45 /* Main_iPhone.storyboard in Resources */,
				9064553718B89D250065EC45 /* InfoPlist.strings in Resources */,
			);
			runOnlyForDeploymentPostprocessing = 0;
		};
		9064555118B89D250065EC45 /* Resources */ = {
			isa = PBXResourcesBuildPhase;
			buildActionMask = 2147483647;
			files = (
				9064556018B89D250065EC45 /* InfoPlist.strings in Resources */,
			);
			runOnlyForDeploymentPostprocessing = 0;
		};
/* End PBXResourcesBuildPhase section */

/* Begin PBXSourcesBuildPhase section */
		9064552318B89D250065EC45 /* Sources */ = {
			isa = PBXSourcesBuildPhase;
			buildActionMask = 2147483647;
			files = (
				9064554C18B89D250065EC45 /* DetailViewController.m in Sources */,
				9064554918B89D250065EC45 /* MasterViewController.m in Sources */,
				9064554618B89D250065EC45 /* Hello_World.xcdatamodeld in Sources */,
				9064553D18B89D250065EC45 /* AppDelegate.m in Sources */,
				9064553918B89D250065EC45 /* main.m in Sources */,
			);
			runOnlyForDeploymentPostprocessing = 0;
		};
		9064554F18B89D250065EC45 /* Sources */ = {
			isa = PBXSourcesBuildPhase;
			buildActionMask = 2147483647;
			files = (
				9064556218B89D250065EC45 /* Hello_WorldTests.m in Sources */,
			);
			runOnlyForDeploymentPostprocessing = 0;
		};
/* End PBXSourcesBuildPhase section */

/* Begin PBXTargetDependency section */
		9064555A18B89D250065EC45 /* PBXTargetDependency */ = {
			isa = PBXTargetDependency;
			target = 9064552618B89D250065EC45 /* Hello World */;
			targetProxy = 9064555918B89D250065EC45 /* PBXContainerItemProxy */;
		};
/* End PBXTargetDependency section */

/* Begin PBXVariantGroup section */
		9064553518B89D250065EC45 /* InfoPlist.strings */ = {
			isa = PBXVariantGroup;
			children = (
				9064553618B89D250065EC45 /* en */,
			);
			name = InfoPlist.strings;
			sourceTree = "<group>";
		};
		9064553E18B89D250065EC45 /* Main_iPhone.storyboard */ = {
			isa = PBXVariantGroup;
			children = (
				9064553F18B89D250065EC45 /* Base */,
			);
			name = Main_iPhone.storyboard;
			sourceTree = "<group>";
		};
		9064554118B89D250065EC45 /* Main_iPad.storyboard */ = {
			isa = PBXVariantGroup;
			children = (
				9064554218B89D250065EC45 /* Base */,
			);
			name = Main_iPad.storyboard;
			sourceTree = "<group>";
		};
		9064555E18B89D250065EC45 /* InfoPlist.strings */ = {
			isa = PBXVariantGroup;
			children = (
				9064555F18B89D250065EC45 /* en */,
			);
			name = InfoPlist.strings;
			sourceTree = "<group>";
		};
/* End PBXVariantGroup section */

/* Begin XCBuildConfiguration section */
		9064556318B89D250065EC45 /* Debug */ = {
			isa = XCBuildConfiguration;
			buildSettings = {
				ALWAYS_SEARCH_USER_PATHS = NO;
				ARCHS = "$(ARCHS_STANDARD_INCLUDING_64_BIT)";
				CLANG_CXX_LANGUAGE_STANDARD = "gnu++0x";
				CLANG_CXX_LIBRARY = "libc++";
				CLANG_ENABLE_MODULES = YES;
				CLANG_ENABLE_OBJC_ARC = YES;
				CLANG_WARN_BOOL_CONVERSION = YES;
				CLANG_WARN_CONSTANT_CONVERSION = YES;
				CLANG_WARN_DIRECT_OBJC_ISA_USAGE = YES_ERROR;
				CLANG_WARN_EMPTY_BODY = YES;
				CLANG_WARN_ENUM_CONVERSION = YES;
				CLANG_WARN_INT_CONVERSION = YES;
				CLANG_WARN_OBJC_ROOT_CLASS = YES_ERROR;
				CLANG_WARN__DUPLICATE_METHOD_MATCH = YES;
				"CODE_SIGN_IDENTITY[sdk=iphoneos*]" = "iPhone Developer";
				COPY_PHASE_STRIP = NO;
				GCC_C_LANGUAGE_STANDARD = gnu99;
				GCC_DYNAMIC_NO_PIC = NO;
				GCC_OPTIMIZATION_LEVEL = 0;
				GCC_PREPROCESSOR_DEFINITIONS = (
					"DEBUG=1",
					"$(inherited)",
				);
				GCC_SYMBOLS_PRIVATE_EXTERN = NO;
				GCC_WARN_64_TO_32_BIT_CONVERSION = YES;
				GCC_WARN_ABOUT_RETURN_TYPE = YES_ERROR;
				GCC_WARN_UNDECLARED_SELECTOR = YES;
				GCC_WARN_UNINITIALIZED_AUTOS = YES;
				GCC_WARN_UNUSED_FUNCTION = YES;
				GCC_WARN_UNUSED_VARIABLE = YES;
				IPHONEOS_DEPLOYMENT_TARGET = 7.0;
				ONLY_ACTIVE_ARCH = YES;
				SDKROOT = iphoneos;
				TARGETED_DEVICE_FAMILY = "1,2";
			};
			name = Debug;
		};
		9064556418B89D250065EC45 /* Release */ = {
			isa = XCBuildConfiguration;
			buildSettings = {
				ALWAYS_SEARCH_USER_PATHS = NO;
				ARCHS = "$(ARCHS_STANDARD_INCLUDING_64_BIT)";
				CLANG_CXX_LANGUAGE_STANDARD = "gnu++0x";
				CLANG_CXX_LIBRARY = "libc++";
				CLANG_ENABLE_MODULES = YES;
				CLANG_ENABLE_OBJC_ARC = YES;
				CLANG_WARN_BOOL_CONVERSION = YES;
				CLANG_WARN_CONSTANT_CONVERSION = YES;
				CLANG_WARN_DIRECT_OBJC_ISA_USAGE = YES_ERROR;
				CLANG_WARN_EMPTY_BODY = YES;
				CLANG_WARN_ENUM_CONVERSION = YES;
				CLANG_WARN_INT_CONVERSION = YES;
				CLANG_WARN_OBJC_ROOT_CLASS = YES_ERROR;
				CLANG_WARN__DUPLICATE_METHOD_MATCH = YES;
				"CODE_SIGN_IDENTITY[sdk=iphoneos*]" = "iPhone Developer";
				COPY_PHASE_STRIP = YES;
				ENABLE_NS_ASSERTIONS = NO;
				GCC_C_LANGUAGE_STANDARD = gnu99;
				GCC_WARN_64_TO_32_BIT_CONVERSION = YES;
				GCC_WARN_ABOUT_RETURN_TYPE = YES_ERROR;
				GCC_WARN_UNDECLARED_SELECTOR = YES;
				GCC_WARN_UNINITIALIZED_AUTOS = YES;
				GCC_WARN_UNUSED_FUNCTION = YES;
				GCC_WARN_UNUSED_VARIABLE = YES;
				IPHONEOS_DEPLOYMENT_TARGET = 7.0;
				SDKROOT = iphoneos;
				TARGETED_DEVICE_FAMILY = "1,2";
				VALIDATE_PRODUCT = YES;
			};
			name = Release;
		};
		9064556618B89D250065EC45 /* Debug */ = {
			isa = XCBuildConfiguration;
			buildSettings = {
				ASSETCATALOG_COMPILER_APPICON_NAME = AppIcon;
				ASSETCATALOG_COMPILER_LAUNCHIMAGE_NAME = LaunchImage;
				GCC_PRECOMPILE_PREFIX_HEADER = YES;
				GCC_PREFIX_HEADER = "Hello World/Hello World-Prefix.pch";
				INFOPLIST_FILE = "Hello World/Hello World-Info.plist";
				PRODUCT_NAME = "$(TARGET_NAME)";
				WRAPPER_EXTENSION = app;
			};
			name = Debug;
		};
		9064556718B89D250065EC45 /* Release */ = {
			isa = XCBuildConfiguration;
			buildSettings = {
				ASSETCATALOG_COMPILER_APPICON_NAME = AppIcon;
				ASSETCATALOG_COMPILER_LAUNCHIMAGE_NAME = LaunchImage;
				GCC_PRECOMPILE_PREFIX_HEADER = YES;
				GCC_PREFIX_HEADER = "Hello World/Hello World-Prefix.pch";
				INFOPLIST_FILE = "Hello World/Hello World-Info.plist";
				PRODUCT_NAME = "$(TARGET_NAME)";
				WRAPPER_EXTENSION = app;
			};
			name = Release;
		};
		9064556918B89D250065EC45 /* Debug */ = {
			isa = XCBuildConfiguration;
			buildSettings = {
				ARCHS = "$(ARCHS_STANDARD_INCLUDING_64_BIT)";
				BUNDLE_LOADER = "$(BUILT_PRODUCTS_DIR)/Hello World.app/Hello World";
				FRAMEWORK_SEARCH_PATHS = (
					"$(SDKROOT)/Developer/Library/Frameworks",
					"$(inherited)",
					"$(DEVELOPER_FRAMEWORKS_DIR)",
				);
				GCC_PRECOMPILE_PREFIX_HEADER = YES;
				GCC_PREFIX_HEADER = "Hello World/Hello World-Prefix.pch";
				GCC_PREPROCESSOR_DEFINITIONS = (
					"DEBUG=1",
					"$(inherited)",
				);
				INFOPLIST_FILE = "Hello WorldTests/Hello WorldTests-Info.plist";
				PRODUCT_NAME = "$(TARGET_NAME)";
				TEST_HOST = "$(BUNDLE_LOADER)";
				WRAPPER_EXTENSION = xctest;
			};
			name = Debug;
		};
		9064556A18B89D250065EC45 /* Release */ = {
			isa = XCBuildConfiguration;
			buildSettings = {
				ARCHS = "$(ARCHS_STANDARD_INCLUDING_64_BIT)";
				BUNDLE_LOADER = "$(BUILT_PRODUCTS_DIR)/Hello World.app/Hello World";
				FRAMEWORK_SEARCH_PATHS = (
					"$(SDKROOT)/Developer/Library/Frameworks",
					"$(inherited)",
					"$(DEVELOPER_FRAMEWORKS_DIR)",
				);
				GCC_PRECOMPILE_PREFIX_HEADER = YES;
				GCC_PREFIX_HEADER = "Hello World/Hello World-Prefix.pch";
				INFOPLIST_FILE = "Hello WorldTests/Hello WorldTests-Info.plist";
				PRODUCT_NAME = "$(TARGET_NAME)";
				TEST_HOST = "$(BUNDLE_LOADER)";
				WRAPPER_EXTENSION = xctest;
			};
			name = Release;
		};
/* End XCBuildConfiguration section */

/* Begin XCConfigurationList section */
		9064552218B89D250065EC45 /* Build configuration list for PBXProject "Hello World" */ = {
			isa = XCConfigurationList;
			buildConfigurations = (
				9064556318B89D250065EC45 /* Debug */,
				9064556418B89D250065EC45 /* Release */,
			);
			defaultConfigurationIsVisible = 0;
			defaultConfigurationName = Release;
		};
		9064556518B89D250065EC45 /* Build configuration list for PBXNativeTarget "Hello World" */ = {
			isa = XCConfigurationList;
			buildConfigurations = (
				9064556618B89D250065EC45 /* Debug */,
				9064556718B89D250065EC45 /* Release */,
			);
			defaultConfigurationIsVisible = 0;
		};
		9064556818B89D250065EC45 /* Build configuration list for PBXNativeTarget "Hello WorldTests" */ = {
			isa = XCConfigurationList;
			buildConfigurations = (
				9064556918B89D250065EC45 /* Debug */,
				9064556A18B89D250065EC45 /* Release */,
			);
			defaultConfigurationIsVisible = 0;
		};
/* End XCConfigurationList section */

/* Begin XCVersionGroup section */
		9064554418B89D250065EC45 /* Hello_World.xcdatamodeld */ = {
			isa = XCVersionGroup;
			children = (
				9064554518B89D250065EC45 /* Hello_World.xcdatamodel */,
			);
			currentVersion = 9064554518B89D250065EC45 /* Hello_World.xcdatamodel */;
			path = Hello_World.xcdatamodeld;
			sourceTree = "<group>";
			versionGroupType = wrapper.xcdatamodel;
		};
/* End XCVersionGroup section */
	};
	rootObject = 9064551F18B89D250065EC45 /* Project object */;
}
